{
  "name": "video-intelligence-api-visualiser",
  "lockfileVersion": 3,
  "requires": true,
  "packages": {
    "": {
      "dependencies": {
        "jsmpeg": "^1.0.0"
      }
    },
    "node_modules/jsmpeg": {
      "version": "1.0.0",
      "resolved": "https://registry.npmjs.org/jsmpeg/-/jsmpeg-1.0.0.tgz",
      "integrity": "sha512-wlBKWVJ93NRJaCfrJ1KAgpMvZBLzpZxH3wnC1Yj7DudMDa/5hHeL1HfvW48ndR8GlI4irrqCXuOGhgayP9EbHw==",
      "license": "MIT"
    }
  }
}
